<?xml version="1.0" encoding="UTF-8"?>
<!DOCTYPE plist PUBLIC "-//Apple//DTD PLIST 1.0//EN" "http://www.apple.com/DTDs/PropertyList-1.0.dtd">
<plist version="1.0">
<dict>
	<key>archiveVersion</key>
	<string>1</string>
	<key>classes</key>
	<dict/>
	<key>objectVersion</key>
	<string>46</string>
	<key>objects</key>
	<dict>
		<key>5C860C6BFBC3EA2AB47836C8</key>
		<dict>
			<key>buildActionMask</key>
			<string>2147483647</string>
			<key>files</key>
			<array/>
			<key>inputPaths</key>
			<array/>
			<key>isa</key>
			<string>PBXShellScriptBuildPhase</string>
			<key>name</key>
			<string>Check Pods Manifest.lock</string>
			<key>outputPaths</key>
			<array/>
			<key>runOnlyForDeploymentPostprocessing</key>
			<string>0</string>
			<key>shellPath</key>
			<string>/bin/sh</string>
			<key>shellScript</key>
			<string>diff "${PODS_ROOT}/../Podfile.lock" "${PODS_ROOT}/Manifest.lock" &gt; /dev/null
if [[ $? != 0 ]] ; then
    cat &lt;&lt; EOM
error: The sandbox is not in sync with the Podfile.lock. Run 'pod install' or update your CocoaPods installation.
EOM
    exit 1
fi
</string>
			<key>showEnvVarsInLog</key>
			<string>0</string>
		</dict>
		<key>7073B74C29140B7BC6A8619F</key>
		<dict>
			<key>includeInIndex</key>
			<string>1</string>
			<key>isa</key>
			<string>PBXFileReference</string>
			<key>lastKnownFileType</key>
			<string>text.xcconfig</string>
			<key>name</key>
			<string>Pods.debug.xcconfig</string>
			<key>path</key>
			<string>Pods/Target Support Files/Pods/Pods.debug.xcconfig</string>
			<key>sourceTree</key>
			<string>&lt;group&gt;</string>
		</dict>
		<key>7ED9CC303AC4B4C02847EAE2</key>
		<dict>
			<key>children</key>
			<array>
				<string>7073B74C29140B7BC6A8619F</string>
				<string>E2C64636ADACC60F907214FF</string>
			</array>
			<key>isa</key>
			<string>PBXGroup</string>
			<key>name</key>
			<string>Pods</string>
			<key>sourceTree</key>
			<string>&lt;group&gt;</string>
		</dict>
		<key>92F8E60B7CA5078E810D1848</key>
		<dict>
			<key>children</key>
			<array>
				<string>F6C5FF941CE9C61A00AAEF0D</string>
				<string>E0F572D2848CB7E85EFF02D2</string>
			</array>
			<key>isa</key>
			<string>PBXGroup</string>
			<key>name</key>
			<string>Frameworks</string>
			<key>sourceTree</key>
			<string>&lt;group&gt;</string>
		</dict>
		<key>B3851AAE0A6C1EFFB48B10BC</key>
		<dict>
			<key>buildActionMask</key>
			<string>2147483647</string>
			<key>files</key>
			<array/>
			<key>inputPaths</key>
			<array/>
			<key>isa</key>
			<string>PBXShellScriptBuildPhase</string>
			<key>name</key>
			<string>Embed Pods Frameworks</string>
			<key>outputPaths</key>
			<array/>
			<key>runOnlyForDeploymentPostprocessing</key>
			<string>0</string>
			<key>shellPath</key>
			<string>/bin/sh</string>
			<key>shellScript</key>
			<string>"${SRCROOT}/Pods/Target Support Files/Pods/Pods-frameworks.sh"
</string>
			<key>showEnvVarsInLog</key>
			<string>0</string>
		</dict>
		<key>DDBC3C7B37BE239CA6DCB9B9</key>
		<dict>
			<key>buildActionMask</key>
			<string>2147483647</string>
			<key>files</key>
			<array/>
			<key>inputPaths</key>
			<array/>
			<key>isa</key>
			<string>PBXShellScriptBuildPhase</string>
			<key>name</key>
			<string>Copy Pods Resources</string>
			<key>outputPaths</key>
			<array/>
			<key>runOnlyForDeploymentPostprocessing</key>
			<string>0</string>
			<key>shellPath</key>
			<string>/bin/sh</string>
			<key>shellScript</key>
			<string>"${SRCROOT}/Pods/Target Support Files/Pods/Pods-resources.sh"
</string>
			<key>showEnvVarsInLog</key>
			<string>0</string>
		</dict>
		<key>E0F572D2848CB7E85EFF02D2</key>
		<dict>
			<key>explicitFileType</key>
			<string>archive.ar</string>
			<key>includeInIndex</key>
			<string>0</string>
			<key>isa</key>
			<string>PBXFileReference</string>
			<key>path</key>
			<string>libPods.a</string>
			<key>sourceTree</key>
			<string>BUILT_PRODUCTS_DIR</string>
		</dict>
		<key>E2C64636ADACC60F907214FF</key>
		<dict>
			<key>includeInIndex</key>
			<string>1</string>
			<key>isa</key>
			<string>PBXFileReference</string>
			<key>lastKnownFileType</key>
			<string>text.xcconfig</string>
			<key>name</key>
			<string>Pods.release.xcconfig</string>
			<key>path</key>
			<string>Pods/Target Support Files/Pods/Pods.release.xcconfig</string>
			<key>sourceTree</key>
			<string>&lt;group&gt;</string>
		</dict>
		<key>F60681031CE9996E00584A3B</key>
		<dict>
			<key>children</key>
			<array>
				<string>F60681041CE999DA00584A3B</string>
			</array>
			<key>isa</key>
			<string>PBXGroup</string>
			<key>name</key>
			<string>helper</string>
			<key>sourceTree</key>
			<string>&lt;group&gt;</string>
		</dict>
		<key>F60681041CE999DA00584A3B</key>
		<dict>
			<key>fileEncoding</key>
			<string>4</string>
			<key>isa</key>
			<string>PBXFileReference</string>
			<key>lastKnownFileType</key>
			<string>sourcecode.swift</string>
			<key>path</key>
			<string>TCHomePageHelper.swift</string>
			<key>sourceTree</key>
			<string>&lt;group&gt;</string>
		</dict>
		<key>F60681051CE999DA00584A3B</key>
		<dict>
			<key>fileRef</key>
			<string>F60681041CE999DA00584A3B</string>
			<key>isa</key>
			<string>PBXBuildFile</string>
		</dict>
		<key>F60681061CE9B21A00584A3B</key>
		<dict>
			<key>fileEncoding</key>
			<string>4</string>
			<key>isa</key>
			<string>PBXFileReference</string>
			<key>lastKnownFileType</key>
			<string>sourcecode.swift</string>
			<key>path</key>
			<string>TCParkingModel.swift</string>
			<key>sourceTree</key>
			<string>&lt;group&gt;</string>
		</dict>
		<key>F60681071CE9B21A00584A3B</key>
		<dict>
			<key>fileRef</key>
			<string>F60681061CE9B21A00584A3B</string>
			<key>isa</key>
			<string>PBXBuildFile</string>
		</dict>
		<key>F6169EF11CE1C50900609A11</key>
		<dict>
			<key>children</key>
			<array>
				<string>F67C15D41CE2BD69004E1C9E</string>
				<string>F67C15DF1CE322AA004E1C9E</string>
			</array>
			<key>isa</key>
			<string>PBXGroup</string>
			<key>path</key>
			<string>Model</string>
			<key>sourceTree</key>
			<string>&lt;group&gt;</string>
		</dict>
		<key>F6169EF21CE1C50900609A11</key>
		<dict>
			<key>children</key>
			<array>
				<string>F6169F091CE1D11200609A11</string>
			</array>
			<key>isa</key>
			<string>PBXGroup</string>
			<key>name</key>
			<string>ViewModel</string>
			<key>path</key>
			<string>View</string>
			<key>sourceTree</key>
			<string>&lt;group&gt;</string>
		</dict>
		<key>F6169EF31CE1C58300609A11</key>
		<dict>
			<key>children</key>
			<array>
				<string>F6169EF41CE1C58300609A11</string>
				<string>F6169EF51CE1C58300609A11</string>
				<string>F6169EF61CE1C58300609A11</string>
				<string>F6169EF71CE1C58300609A11</string>
				<string>F6169EF81CE1C58300609A11</string>
				<string>F6169EF91CE1C58300609A11</string>
				<string>F6169EFA1CE1C58300609A11</string>
			</array>
			<key>isa</key>
			<string>PBXGroup</string>
			<key>path</key>
			<string>Controller</string>
			<key>sourceTree</key>
			<string>&lt;group&gt;</string>
		</dict>
		<key>F6169EF41CE1C58300609A11</key>
		<dict>
			<key>fileEncoding</key>
			<string>4</string>
			<key>isa</key>
			<string>PBXFileReference</string>
			<key>lastKnownFileType</key>
			<string>sourcecode.swift</string>
			<key>path</key>
			<string>TCForgetPasswordController.swift</string>
			<key>sourceTree</key>
			<string>&lt;group&gt;</string>
		</dict>
		<key>F6169EF51CE1C58300609A11</key>
		<dict>
			<key>fileEncoding</key>
			<string>4</string>
			<key>isa</key>
			<string>PBXFileReference</string>
			<key>lastKnownFileType</key>
			<string>file.xib</string>
			<key>path</key>
			<string>TCForgetPasswordController.xib</string>
			<key>sourceTree</key>
			<string>&lt;group&gt;</string>
		</dict>
		<key>F6169EF61CE1C58300609A11</key>
		<dict>
			<key>fileEncoding</key>
			<string>4</string>
			<key>isa</key>
			<string>PBXFileReference</string>
			<key>lastKnownFileType</key>
			<string>sourcecode.swift</string>
			<key>path</key>
			<string>TCLoginViewController.swift</string>
			<key>sourceTree</key>
			<string>&lt;group&gt;</string>
		</dict>
		<key>F6169EF71CE1C58300609A11</key>
		<dict>
			<key>fileEncoding</key>
			<string>4</string>
			<key>isa</key>
			<string>PBXFileReference</string>
			<key>lastKnownFileType</key>
			<string>file.xib</string>
			<key>path</key>
			<string>TCLoginViewController.xib</string>
			<key>sourceTree</key>
			<string>&lt;group&gt;</string>
		</dict>
		<key>F6169EF81CE1C58300609A11</key>
		<dict>
			<key>fileEncoding</key>
			<string>4</string>
			<key>isa</key>
			<string>PBXFileReference</string>
			<key>lastKnownFileType</key>
			<string>sourcecode.swift</string>
			<key>path</key>
			<string>TCRegisterViewController.swift</string>
			<key>sourceTree</key>
			<string>&lt;group&gt;</string>
		</dict>
		<key>F6169EF91CE1C58300609A11</key>
		<dict>
			<key>fileEncoding</key>
			<string>4</string>
			<key>isa</key>
			<string>PBXFileReference</string>
			<key>lastKnownFileType</key>
			<string>file.xib</string>
			<key>path</key>
			<string>TCRegisterViewController.xib</string>
			<key>sourceTree</key>
			<string>&lt;group&gt;</string>
		</dict>
		<key>F6169EFA1CE1C58300609A11</key>
		<dict>
			<key>fileEncoding</key>
			<string>4</string>
			<key>isa</key>
			<string>PBXFileReference</string>
			<key>lastKnownFileType</key>
			<string>sourcecode.swift</string>
			<key>path</key>
			<string>WelcomeController.swift</string>
			<key>sourceTree</key>
			<string>&lt;group&gt;</string>
		</dict>
		<key>F6169EFB1CE1C58300609A11</key>
		<dict>
			<key>fileRef</key>
			<string>F6169EF41CE1C58300609A11</string>
			<key>isa</key>
			<string>PBXBuildFile</string>
		</dict>
		<key>F6169EFC1CE1C58300609A11</key>
		<dict>
			<key>fileRef</key>
			<string>F6169EF51CE1C58300609A11</string>
			<key>isa</key>
			<string>PBXBuildFile</string>
		</dict>
		<key>F6169EFD1CE1C58300609A11</key>
		<dict>
			<key>fileRef</key>
			<string>F6169EF61CE1C58300609A11</string>
			<key>isa</key>
			<string>PBXBuildFile</string>
		</dict>
		<key>F6169EFE1CE1C58300609A11</key>
		<dict>
			<key>fileRef</key>
			<string>F6169EF71CE1C58300609A11</string>
			<key>isa</key>
			<string>PBXBuildFile</string>
		</dict>
		<key>F6169EFF1CE1C58300609A11</key>
		<dict>
			<key>fileRef</key>
			<string>F6169EF81CE1C58300609A11</string>
			<key>isa</key>
			<string>PBXBuildFile</string>
		</dict>
		<key>F6169F001CE1C58300609A11</key>
		<dict>
			<key>fileRef</key>
			<string>F6169EF91CE1C58300609A11</string>
			<key>isa</key>
			<string>PBXBuildFile</string>
		</dict>
		<key>F6169F011CE1C58300609A11</key>
		<dict>
			<key>fileRef</key>
			<string>F6169EFA1CE1C58300609A11</string>
			<key>isa</key>
			<string>PBXBuildFile</string>
		</dict>
		<key>F6169F031CE1C65700609A11</key>
		<dict>
			<key>isa</key>
			<string>PBXFileReference</string>
			<key>lastKnownFileType</key>
			<string>sourcecode.c.h</string>
			<key>path</key>
			<string>Parking-Bridging-Header.h</string>
			<key>sourceTree</key>
			<string>&lt;group&gt;</string>
		</dict>
		<key>F6169F041CE1CF2200609A11</key>
		<dict>
			<key>children</key>
			<array>
				<string>F67C15D21CE2BD69004E1C9E</string>
				<string>F6169F051CE1CF6300609A11</string>
				<string>F62580CC1CE6C44F00D13ABF</string>
				<string>F62580CD1CE6C44F00D13ABF</string>
			</array>
			<key>isa</key>
			<string>PBXGroup</string>
			<key>path</key>
			<string>CustomTool</string>
			<key>sourceTree</key>
			<string>&lt;group&gt;</string>
		</dict>
		<key>F6169F051CE1CF6300609A11</key>
		<dict>
			<key>fileEncoding</key>
			<string>4</string>
			<key>isa</key>
			<string>PBXFileReference</string>
			<key>lastKnownFileType</key>
			<string>sourcecode.swift</string>
			<key>path</key>
			<string>TCWebToolFile.swift</string>
			<key>sourceTree</key>
			<string>&lt;group&gt;</string>
		</dict>
		<key>F6169F061CE1CF6300609A11</key>
		<dict>
			<key>fileRef</key>
			<string>F6169F051CE1CF6300609A11</string>
			<key>isa</key>
			<string>PBXBuildFile</string>
		</dict>
		<key>F6169F091CE1D11200609A11</key>
		<dict>
			<key>fileEncoding</key>
			<string>4</string>
			<key>isa</key>
			<string>PBXFileReference</string>
			<key>lastKnownFileType</key>
			<string>sourcecode.swift</string>
			<key>path</key>
			<string>TCVMLogModel.swift</string>
			<key>sourceTree</key>
			<string>&lt;group&gt;</string>
		</dict>
		<key>F6169F0A1CE1D11200609A11</key>
		<dict>
			<key>fileRef</key>
			<string>F6169F091CE1D11200609A11</string>
			<key>isa</key>
			<string>PBXBuildFile</string>
		</dict>
		<key>F619A4231CC081CC00BF6E52</key>
		<dict>
			<key>children</key>
			<array>
				<string>F63562191CCDB77D00308264</string>
				<string>F619A42D1CC081CC00BF6E52</string>
				<string>7ED9CC303AC4B4C02847EAE2</string>
				<string>92F8E60B7CA5078E810D1848</string>
			</array>
			<key>isa</key>
			<string>PBXGroup</string>
			<key>sourceTree</key>
			<string>&lt;group&gt;</string>
		</dict>
		<key>F619A4241CC081CC00BF6E52</key>
		<dict>
			<key>attributes</key>
			<dict>
				<key>LastSwiftUpdateCheck</key>
				<string>0730</string>
				<key>LastUpgradeCheck</key>
				<string>0730</string>
				<key>ORGANIZATIONNAME</key>
				<string>&#21271;&#20140;&#26657;&#37239;&#32593;&#32476;&#31185;&#25216;&#26377;&#38480;&#20844;&#21496;</string>
				<key>TargetAttributes</key>
				<dict>
					<key>F619A42B1CC081CC00BF6E52</key>
					<dict>
						<key>CreatedOnToolsVersion</key>
						<string>7.3</string>
						<key>DevelopmentTeam</key>
						<string>H58LYH4V4T</string>
					</dict>
				</dict>
			</dict>
			<key>buildConfigurationList</key>
			<string>F619A4271CC081CC00BF6E52</string>
			<key>compatibilityVersion</key>
			<string>Xcode 3.2</string>
			<key>developmentRegion</key>
			<string>English</string>
			<key>hasScannedForEncodings</key>
			<string>0</string>
			<key>isa</key>
			<string>PBXProject</string>
			<key>knownRegions</key>
			<array>
				<string>en</string>
				<string>Base</string>
			</array>
			<key>mainGroup</key>
			<string>F619A4231CC081CC00BF6E52</string>
			<key>productRefGroup</key>
			<string>F619A42D1CC081CC00BF6E52</string>
			<key>projectDirPath</key>
			<string></string>
			<key>projectReferences</key>
			<array/>
			<key>projectRoot</key>
			<string></string>
			<key>targets</key>
			<array>
				<string>F619A42B1CC081CC00BF6E52</string>
			</array>
		</dict>
		<key>F619A4271CC081CC00BF6E52</key>
		<dict>
			<key>buildConfigurations</key>
			<array>
				<string>F619A43C1CC081CC00BF6E52</string>
				<string>F619A43D1CC081CC00BF6E52</string>
			</array>
			<key>defaultConfigurationIsVisible</key>
			<string>0</string>
			<key>defaultConfigurationName</key>
			<string>Release</string>
			<key>isa</key>
			<string>XCConfigurationList</string>
		</dict>
		<key>F619A4281CC081CC00BF6E52</key>
		<dict>
			<key>buildActionMask</key>
			<string>2147483647</string>
			<key>files</key>
			<array>
				<string>F62C5AE71CE579F1001DAD1E</string>
				<string>F6169EFB1CE1C58300609A11</string>
				<string>F68C97901CCF5E97001616CF</string>
				<string>F62C5B161CE5A4B8001DAD1E</string>
				<string>F63562511CCDB77D00308264</string>
				<string>F67C15DD1CE30A5D004E1C9E</string>
				<string>F67C15D71CE2BD69004E1C9E</string>
				<string>F62C5AE91CE57CCD001DAD1E</string>
				<string>F63562531CCDB77D00308264</string>
				<string>F62C5B181CE5A4B8001DAD1E</string>
				<string>F62C5B131CE5A4B8001DAD1E</string>
				<string>F62C5B1B1CE5A4B8001DAD1E</string>
				<string>F6169F0A1CE1D11200609A11</string>
				<string>F62593A61CE470BD000BC840</string>
				<string>F62C5B211CE5A4B8001DAD1E</string>
				<string>F635624A1CCDB77D00308264</string>
				<string>F6169EFD1CE1C58300609A11</string>
				<string>F6169F061CE1CF6300609A11</string>
				<string>F60681051CE999DA00584A3B</string>
				<string>F635624F1CCDB77D00308264</string>
				<string>F6169EFF1CE1C58300609A11</string>
				<string>F6169F011CE1C58300609A11</string>
				<string>F63562541CCDB77D00308264</string>
				<string>F63562581CCDB77D00308264</string>
				<string>F62C5B251CE5DD93001DAD1E</string>
				<string>F62C5B1F1CE5A4B8001DAD1E</string>
				<string>F62C5B0A1CE5A4B8001DAD1E</string>
				<string>F62C5B281CE6088B001DAD1E</string>
				<string>F62C5B0B1CE5A4B8001DAD1E</string>
				<string>F62C5B111CE5A4B8001DAD1E</string>
				<string>F62C5B0F1CE5A4B8001DAD1E</string>
				<string>F62C5B171CE5A4B8001DAD1E</string>
				<string>F67C15D81CE2BD69004E1C9E</string>
				<string>F62C5ADF1CE565F3001DAD1E</string>
				<string>F62C5B151CE5A4B8001DAD1E</string>
				<string>F62593A91CE48155000BC840</string>
				<string>F63562561CCDB77D00308264</string>
				<string>F6D7FE491CE0260F0032AEE8</string>
				<string>F60681071CE9B21A00584A3B</string>
				<string>F62580CE1CE6C44F00D13ABF</string>
				<string>F62C5B1D1CE5A4B8001DAD1E</string>
				<string>F62C5B1A1CE5A4B8001DAD1E</string>
				<string>F67C15D91CE2BD69004E1C9E</string>
				<string>F67C15E01CE322AA004E1C9E</string>
				<string>F62C5B0D1CE5A4B8001DAD1E</string>
			</array>
			<key>isa</key>
			<string>PBXSourcesBuildPhase</string>
			<key>runOnlyForDeploymentPostprocessing</key>
			<string>0</string>
		</dict>
		<key>F619A4291CC081CC00BF6E52</key>
		<dict>
			<key>buildActionMask</key>
			<string>2147483647</string>
			<key>files</key>
			<array>
				<string>F6C5FF951CE9C61A00AAEF0D</string>
				<string>FB4E6E62E518BC4FBB80BBD7</string>
			</array>
			<key>isa</key>
			<string>PBXFrameworksBuildPhase</string>
			<key>runOnlyForDeploymentPostprocessing</key>
			<string>0</string>
		</dict>
		<key>F619A42A1CC081CC00BF6E52</key>
		<dict>
			<key>buildActionMask</key>
			<string>2147483647</string>
			<key>files</key>
			<array>
				<string>F62C5B221CE5A4B8001DAD1E</string>
				<string>F68C97911CCF5E97001616CF</string>
				<string>F62C5B121CE5A4B8001DAD1E</string>
				<string>F635624B1CCDB77D00308264</string>
				<string>F62593AB1CE48162000BC840</string>
				<string>F63562521CCDB77D00308264</string>
				<string>F62C5B0C1CE5A4B8001DAD1E</string>
				<string>F62C5B101CE5A4B8001DAD1E</string>
				<string>F6D7FE4B1CE0360B0032AEE8</string>
				<string>F62C5B191CE5A4B8001DAD1E</string>
				<string>F63562591CCDB77D00308264</string>
				<string>F62593A71CE470BD000BC840</string>
				<string>F6169EFC1CE1C58300609A11</string>
				<string>F62C5B201CE5A4B8001DAD1E</string>
				<string>F62C5B141CE5A4B8001DAD1E</string>
				<string>F6169F001CE1C58300609A11</string>
				<string>F62C5B291CE6088B001DAD1E</string>
				<string>F63562501CCDB77D00308264</string>
				<string>F63562571CCDB77D00308264</string>
				<string>F67C15DE1CE30A5D004E1C9E</string>
				<string>F62C5B1C1CE5A4B8001DAD1E</string>
				<string>F62C5B1E1CE5A4B8001DAD1E</string>
				<string>F635624D1CCDB77D00308264</string>
				<string>F62C5B0E1CE5A4B8001DAD1E</string>
				<string>F62C5AE01CE565F3001DAD1E</string>
				<string>F63562551CCDB77D00308264</string>
				<string>F6169EFE1CE1C58300609A11</string>
			</array>
			<key>isa</key>
			<string>PBXResourcesBuildPhase</string>
			<key>runOnlyForDeploymentPostprocessing</key>
			<string>0</string>
		</dict>
		<key>F619A42B1CC081CC00BF6E52</key>
		<dict>
			<key>buildConfigurationList</key>
			<string>F619A43E1CC081CC00BF6E52</string>
			<key>buildPhases</key>
			<array>
				<string>5C860C6BFBC3EA2AB47836C8</string>
				<string>F619A4281CC081CC00BF6E52</string>
				<string>F619A4291CC081CC00BF6E52</string>
				<string>F619A42A1CC081CC00BF6E52</string>
				<string>B3851AAE0A6C1EFFB48B10BC</string>
				<string>DDBC3C7B37BE239CA6DCB9B9</string>
			</array>
			<key>buildRules</key>
			<array/>
			<key>dependencies</key>
			<array/>
			<key>isa</key>
			<string>PBXNativeTarget</string>
			<key>name</key>
			<string>Parking</string>
			<key>productName</key>
			<string>ASwiftProduct</string>
			<key>productReference</key>
			<string>F619A42C1CC081CC00BF6E52</string>
			<key>productType</key>
			<string>com.apple.product-type.application</string>
		</dict>
		<key>F619A42C1CC081CC00BF6E52</key>
		<dict>
			<key>explicitFileType</key>
			<string>wrapper.application</string>
			<key>includeInIndex</key>
			<string>0</string>
			<key>isa</key>
			<string>PBXFileReference</string>
			<key>path</key>
			<string>Parking.app</string>
			<key>sourceTree</key>
			<string>BUILT_PRODUCTS_DIR</string>
		</dict>
		<key>F619A42D1CC081CC00BF6E52</key>
		<dict>
			<key>children</key>
			<array>
				<string>F619A42C1CC081CC00BF6E52</string>
			</array>
			<key>isa</key>
			<string>PBXGroup</string>
			<key>name</key>
			<string>Products</string>
			<key>sourceTree</key>
			<string>&lt;group&gt;</string>
		</dict>
		<key>F619A43C1CC081CC00BF6E52</key>
		<dict>
			<key>buildSettings</key>
			<dict>
				<key>ALWAYS_SEARCH_USER_PATHS</key>
				<string>NO</string>
				<key>CLANG_ANALYZER_NONNULL</key>
				<string>YES</string>
				<key>CLANG_CXX_LANGUAGE_STANDARD</key>
				<string>gnu++0x</string>
				<key>CLANG_CXX_LIBRARY</key>
				<string>libc++</string>
				<key>CLANG_ENABLE_MODULES</key>
				<string>YES</string>
				<key>CLANG_ENABLE_OBJC_ARC</key>
				<string>YES</string>
				<key>CLANG_WARN_BOOL_CONVERSION</key>
				<string>YES</string>
				<key>CLANG_WARN_CONSTANT_CONVERSION</key>
				<string>YES</string>
				<key>CLANG_WARN_DIRECT_OBJC_ISA_USAGE</key>
				<string>YES_ERROR</string>
				<key>CLANG_WARN_EMPTY_BODY</key>
				<string>YES</string>
				<key>CLANG_WARN_ENUM_CONVERSION</key>
				<string>YES</string>
				<key>CLANG_WARN_INT_CONVERSION</key>
				<string>YES</string>
				<key>CLANG_WARN_OBJC_ROOT_CLASS</key>
				<string>YES_ERROR</string>
				<key>CLANG_WARN_UNREACHABLE_CODE</key>
				<string>YES</string>
				<key>CLANG_WARN__DUPLICATE_METHOD_MATCH</key>
				<string>YES</string>
				<key>CODE_SIGN_IDENTITY</key>
				<string>iPhone Developer: Chongqian Zhu (43SWZUC27M)</string>
				<key>CODE_SIGN_IDENTITY[sdk=iphoneos*]</key>
				<string>iPhone Developer: Chongqian Zhu (43SWZUC27M)</string>
				<key>COPY_PHASE_STRIP</key>
				<string>NO</string>
				<key>DEBUG_INFORMATION_FORMAT</key>
				<string>dwarf</string>
				<key>ENABLE_STRICT_OBJC_MSGSEND</key>
				<string>YES</string>
				<key>ENABLE_TESTABILITY</key>
				<string>YES</string>
				<key>GCC_C_LANGUAGE_STANDARD</key>
				<string>gnu99</string>
				<key>GCC_DYNAMIC_NO_PIC</key>
				<string>NO</string>
				<key>GCC_NO_COMMON_BLOCKS</key>
				<string>YES</string>
				<key>GCC_OPTIMIZATION_LEVEL</key>
				<string>0</string>
				<key>GCC_PREPROCESSOR_DEFINITIONS</key>
				<array>
					<string>DEBUG=1</string>
					<string>$(inherited)</string>
				</array>
				<key>GCC_WARN_64_TO_32_BIT_CONVERSION</key>
				<string>YES</string>
				<key>GCC_WARN_ABOUT_RETURN_TYPE</key>
				<string>YES_ERROR</string>
				<key>GCC_WARN_UNDECLARED_SELECTOR</key>
				<string>YES</string>
				<key>GCC_WARN_UNINITIALIZED_AUTOS</key>
				<string>YES_AGGRESSIVE</string>
				<key>GCC_WARN_UNUSED_FUNCTION</key>
				<string>YES</string>
				<key>GCC_WARN_UNUSED_VARIABLE</key>
				<string>YES</string>
				<key>IPHONEOS_DEPLOYMENT_TARGET</key>
				<string>9.3</string>
				<key>MTL_ENABLE_DEBUG_INFO</key>
				<string>YES</string>
				<key>ONLY_ACTIVE_ARCH</key>
				<string>YES</string>
				<key>PROVISIONING_PROFILE</key>
				<string>ffb7f32a-4d3a-4bb3-a99a-838ac974c41f</string>
				<key>SDKROOT</key>
				<string>iphoneos</string>
				<key>SWIFT_OPTIMIZATION_LEVEL</key>
				<string>-Onone</string>
			</dict>
			<key>isa</key>
			<string>XCBuildConfiguration</string>
			<key>name</key>
			<string>Debug</string>
		</dict>
		<key>F619A43D1CC081CC00BF6E52</key>
		<dict>
			<key>buildSettings</key>
			<dict>
				<key>ALWAYS_SEARCH_USER_PATHS</key>
				<string>NO</string>
				<key>CLANG_ANALYZER_NONNULL</key>
				<string>YES</string>
				<key>CLANG_CXX_LANGUAGE_STANDARD</key>
				<string>gnu++0x</string>
				<key>CLANG_CXX_LIBRARY</key>
				<string>libc++</string>
				<key>CLANG_ENABLE_MODULES</key>
				<string>YES</string>
				<key>CLANG_ENABLE_OBJC_ARC</key>
				<string>YES</string>
				<key>CLANG_WARN_BOOL_CONVERSION</key>
				<string>YES</string>
				<key>CLANG_WARN_CONSTANT_CONVERSION</key>
				<string>YES</string>
				<key>CLANG_WARN_DIRECT_OBJC_ISA_USAGE</key>
				<string>YES_ERROR</string>
				<key>CLANG_WARN_EMPTY_BODY</key>
				<string>YES</string>
				<key>CLANG_WARN_ENUM_CONVERSION</key>
				<string>YES</string>
				<key>CLANG_WARN_INT_CONVERSION</key>
				<string>YES</string>
				<key>CLANG_WARN_OBJC_ROOT_CLASS</key>
				<string>YES_ERROR</string>
				<key>CLANG_WARN_UNREACHABLE_CODE</key>
				<string>YES</string>
				<key>CLANG_WARN__DUPLICATE_METHOD_MATCH</key>
				<string>YES</string>
				<key>CODE_SIGN_IDENTITY</key>
				<string>iPhone Developer: Chongqian Zhu (43SWZUC27M)</string>
				<key>CODE_SIGN_IDENTITY[sdk=iphoneos*]</key>
				<string>iPhone Developer: Chongqian Zhu (43SWZUC27M)</string>
				<key>COPY_PHASE_STRIP</key>
				<string>NO</string>
				<key>DEBUG_INFORMATION_FORMAT</key>
				<string>dwarf-with-dsym</string>
				<key>ENABLE_NS_ASSERTIONS</key>
				<string>NO</string>
				<key>ENABLE_STRICT_OBJC_MSGSEND</key>
				<string>YES</string>
				<key>GCC_C_LANGUAGE_STANDARD</key>
				<string>gnu99</string>
				<key>GCC_NO_COMMON_BLOCKS</key>
				<string>YES</string>
				<key>GCC_WARN_64_TO_32_BIT_CONVERSION</key>
				<string>YES</string>
				<key>GCC_WARN_ABOUT_RETURN_TYPE</key>
				<string>YES_ERROR</string>
				<key>GCC_WARN_UNDECLARED_SELECTOR</key>
				<string>YES</string>
				<key>GCC_WARN_UNINITIALIZED_AUTOS</key>
				<string>YES_AGGRESSIVE</string>
				<key>GCC_WARN_UNUSED_FUNCTION</key>
				<string>YES</string>
				<key>GCC_WARN_UNUSED_VARIABLE</key>
				<string>YES</string>
				<key>IPHONEOS_DEPLOYMENT_TARGET</key>
				<string>9.3</string>
				<key>MTL_ENABLE_DEBUG_INFO</key>
				<string>NO</string>
				<key>PROVISIONING_PROFILE</key>
				<string>ffb7f32a-4d3a-4bb3-a99a-838ac974c41f</string>
				<key>SDKROOT</key>
				<string>iphoneos</string>
				<key>VALIDATE_PRODUCT</key>
				<string>YES</string>
			</dict>
			<key>isa</key>
			<string>XCBuildConfiguration</string>
			<key>name</key>
			<string>Release</string>
		</dict>
		<key>F619A43E1CC081CC00BF6E52</key>
		<dict>
			<key>buildConfigurations</key>
			<array>
				<string>F619A43F1CC081CC00BF6E52</string>
				<string>F619A4401CC081CC00BF6E52</string>
			</array>
			<key>defaultConfigurationIsVisible</key>
			<string>0</string>
			<key>defaultConfigurationName</key>
			<string>Release</string>
			<key>isa</key>
			<string>XCConfigurationList</string>
		</dict>
		<key>F619A43F1CC081CC00BF6E52</key>
		<dict>
			<key>baseConfigurationReference</key>
			<string>7073B74C29140B7BC6A8619F</string>
			<key>buildSettings</key>
			<dict>
				<key>ASSETCATALOG_COMPILER_APPICON_NAME</key>
				<string>AppIcon</string>
				<key>CLANG_ENABLE_MODULES</key>
				<string>YES</string>
				<key>CODE_SIGN_IDENTITY</key>
				<string>iPhone Developer: Chongqian Zhu (43SWZUC27M)</string>
				<key>CODE_SIGN_IDENTITY[sdk=iphoneos*]</key>
				<string>iPhone Developer: Chongqian Zhu (43SWZUC27M)</string>
				<key>EMBEDDED_CONTENT_CONTAINS_SWIFT</key>
				<string>YES</string>
				<key>INFOPLIST_FILE</key>
				<string>Parking/Info.plist</string>
				<key>IPHONEOS_DEPLOYMENT_TARGET</key>
				<string>8.0</string>
				<key>LD_RUNPATH_SEARCH_PATHS</key>
				<string>$(inherited) @executable_path/Frameworks</string>
				<key>PRODUCT_BUNDLE_IDENTIFIER</key>
				<string>com.parking.xiaocool</string>
				<key>PRODUCT_NAME</key>
				<string>Parking</string>
				<key>PROVISIONING_PROFILE</key>
				<string>ffb7f32a-4d3a-4bb3-a99a-838ac974c41f</string>
				<key>SDKROOT</key>
				<string>iphoneos</string>
				<key>SWIFT_OBJC_BRIDGING_HEADER</key>
				<string>/Users/xiaocool/parking_ios/Parking/Parking-Bridging-Header.h</string>
				<key>SWIFT_OPTIMIZATION_LEVEL</key>
				<string>-Onone</string>
				<key>TARGETED_DEVICE_FAMILY</key>
				<string>1</string>
			</dict>
			<key>isa</key>
			<string>XCBuildConfiguration</string>
			<key>name</key>
			<string>Debug</string>
		</dict>
		<key>F619A4401CC081CC00BF6E52</key>
		<dict>
			<key>baseConfigurationReference</key>
			<string>E2C64636ADACC60F907214FF</string>
			<key>buildSettings</key>
			<dict>
				<key>ASSETCATALOG_COMPILER_APPICON_NAME</key>
				<string>AppIcon</string>
				<key>CLANG_ENABLE_MODULES</key>
				<string>YES</string>
				<key>CODE_SIGN_IDENTITY</key>
				<string>iPhone Developer: Chongqian Zhu (43SWZUC27M)</string>
				<key>CODE_SIGN_IDENTITY[sdk=iphoneos*]</key>
				<string>iPhone Developer: Chongqian Zhu (43SWZUC27M)</string>
				<key>EMBEDDED_CONTENT_CONTAINS_SWIFT</key>
				<string>YES</string>
				<key>INFOPLIST_FILE</key>
				<string>Parking/Info.plist</string>
				<key>IPHONEOS_DEPLOYMENT_TARGET</key>
				<string>8.0</string>
				<key>LD_RUNPATH_SEARCH_PATHS</key>
				<string>$(inherited) @executable_path/Frameworks</string>
				<key>PRODUCT_BUNDLE_IDENTIFIER</key>
				<string>com.parking.xiaocool</string>
				<key>PRODUCT_NAME</key>
				<string>Parking</string>
				<key>PROVISIONING_PROFILE</key>
				<string>ffb7f32a-4d3a-4bb3-a99a-838ac974c41f</string>
				<key>SDKROOT</key>
				<string>iphoneos</string>
				<key>SWIFT_OBJC_BRIDGING_HEADER</key>
				<string>/Users/xiaocool/parking_ios/Parking/Parking-Bridging-Header.h</string>
				<key>TARGETED_DEVICE_FAMILY</key>
				<string>1</string>
			</dict>
			<key>isa</key>
			<string>XCBuildConfiguration</string>
			<key>name</key>
			<string>Release</string>
		</dict>
		<key>F62580CC1CE6C44F00D13ABF</key>
		<dict>
			<key>fileEncoding</key>
			<string>4</string>
			<key>isa</key>
			<string>PBXFileReference</string>
			<key>lastKnownFileType</key>
			<string>sourcecode.c.h</string>
			<key>path</key>
			<string>ConnectModel.h</string>
			<key>sourceTree</key>
			<string>&lt;group&gt;</string>
		</dict>
		<key>F62580CD1CE6C44F00D13ABF</key>
		<dict>
			<key>fileEncoding</key>
			<string>4</string>
			<key>isa</key>
			<string>PBXFileReference</string>
			<key>lastKnownFileType</key>
			<string>sourcecode.c.objc</string>
			<key>path</key>
			<string>ConnectModel.m</string>
			<key>sourceTree</key>
			<string>&lt;group&gt;</string>
		</dict>
		<key>F62580CE1CE6C44F00D13ABF</key>
		<dict>
			<key>fileRef</key>
			<string>F62580CD1CE6C44F00D13ABF</string>
			<key>isa</key>
			<string>PBXBuildFile</string>
		</dict>
		<key>F62593A41CE470BD000BC840</key>
		<dict>
			<key>fileEncoding</key>
			<string>4</string>
			<key>isa</key>
			<string>PBXFileReference</string>
			<key>lastKnownFileType</key>
			<string>sourcecode.swift</string>
			<key>path</key>
			<string>TCPayDetailController.swift</string>
			<key>sourceTree</key>
			<string>&lt;group&gt;</string>
		</dict>
		<key>F62593A51CE470BD000BC840</key>
		<dict>
			<key>fileEncoding</key>
			<string>4</string>
			<key>isa</key>
			<string>PBXFileReference</string>
			<key>lastKnownFileType</key>
			<string>file.xib</string>
			<key>path</key>
			<string>TCPayDetailController.xib</string>
			<key>sourceTree</key>
			<string>&lt;group&gt;</string>
		</dict>
		<key>F62593A61CE470BD000BC840</key>
		<dict>
			<key>fileRef</key>
			<string>F62593A41CE470BD000BC840</string>
			<key>isa</key>
			<string>PBXBuildFile</string>
		</dict>
		<key>F62593A71CE470BD000BC840</key>
		<dict>
			<key>fileRef</key>
			<string>F62593A51CE470BD000BC840</string>
			<key>isa</key>
			<string>PBXBuildFile</string>
		</dict>
		<key>F62593A81CE48155000BC840</key>
		<dict>
			<key>fileEncoding</key>
			<string>4</string>
			<key>isa</key>
			<string>PBXFileReference</string>
			<key>lastKnownFileType</key>
			<string>sourcecode.swift</string>
			<key>path</key>
			<string>TCSinglePayFootView.swift</string>
			<key>sourceTree</key>
			<string>&lt;group&gt;</string>
		</dict>
		<key>F62593A91CE48155000BC840</key>
		<dict>
			<key>fileRef</key>
			<string>F62593A81CE48155000BC840</string>
			<key>isa</key>
			<string>PBXBuildFile</string>
		</dict>
		<key>F62593AA1CE48162000BC840</key>
		<dict>
			<key>fileEncoding</key>
			<string>4</string>
			<key>isa</key>
			<string>PBXFileReference</string>
			<key>lastKnownFileType</key>
			<string>file.xib</string>
			<key>path</key>
			<string>TCSinglePayFootView.xib</string>
			<key>sourceTree</key>
			<string>&lt;group&gt;</string>
		</dict>
		<key>F62593AB1CE48162000BC840</key>
		<dict>
			<key>fileRef</key>
			<string>F62593AA1CE48162000BC840</string>
			<key>isa</key>
			<string>PBXBuildFile</string>
		</dict>
		<key>F62C5ADD1CE565F3001DAD1E</key>
		<dict>
			<key>fileEncoding</key>
			<string>4</string>
			<key>isa</key>
			<string>PBXFileReference</string>
			<key>lastKnownFileType</key>
			<string>sourcecode.swift</string>
			<key>path</key>
			<string>AddCarViewController.swift</string>
			<key>sourceTree</key>
			<string>&lt;group&gt;</string>
		</dict>
		<key>F62C5ADE1CE565F3001DAD1E</key>
		<dict>
			<key>fileEncoding</key>
			<string>4</string>
			<key>isa</key>
			<string>PBXFileReference</string>
			<key>lastKnownFileType</key>
			<string>file.xib</string>
			<key>path</key>
			<string>AddCarViewController.xib</string>
			<key>sourceTree</key>
			<string>&lt;group&gt;</string>
		</dict>
		<key>F62C5ADF1CE565F3001DAD1E</key>
		<dict>
			<key>fileRef</key>
			<string>F62C5ADD1CE565F3001DAD1E</string>
			<key>isa</key>
			<string>PBXBuildFile</string>
		</dict>
		<key>F62C5AE01CE565F3001DAD1E</key>
		<dict>
			<key>fileRef</key>
			<string>F62C5ADE1CE565F3001DAD1E</string>
			<key>isa</key>
			<string>PBXBuildFile</string>
		</dict>
		<key>F62C5AE11CE57849001DAD1E</key>
		<dict>
			<key>children</key>
			<array>
				<string>F62C5AE51CE579B2001DAD1E</string>
				<string>F62C5AE81CE57CCD001DAD1E</string>
			</array>
			<key>isa</key>
			<string>PBXGroup</string>
			<key>path</key>
			<string>Model</string>
			<key>sourceTree</key>
			<string>&lt;group&gt;</string>
		</dict>
		<key>F62C5AE51CE579B2001DAD1E</key>
		<dict>
			<key>children</key>
			<array>
				<string>F62C5AE61CE579F1001DAD1E</string>
			</array>
			<key>isa</key>
			<string>PBXGroup</string>
			<key>name</key>
			<string>Helper</string>
			<key>sourceTree</key>
			<string>&lt;group&gt;</string>
		</dict>
		<key>F62C5AE61CE579F1001DAD1E</key>
		<dict>
			<key>fileEncoding</key>
			<string>4</string>
			<key>isa</key>
			<string>PBXFileReference</string>
			<key>lastKnownFileType</key>
			<string>sourcecode.swift</string>
			<key>path</key>
			<string>TCCarInfoHelper.swift</string>
			<key>sourceTree</key>
			<string>&lt;group&gt;</string>
		</dict>
		<key>F62C5AE71CE579F1001DAD1E</key>
		<dict>
			<key>fileRef</key>
			<string>F62C5AE61CE579F1001DAD1E</string>
			<key>isa</key>
			<string>PBXBuildFile</string>
		</dict>
		<key>F62C5AE81CE57CCD001DAD1E</key>
		<dict>
			<key>fileEncoding</key>
			<string>4</string>
			<key>isa</key>
			<string>PBXFileReference</string>
			<key>lastKnownFileType</key>
			<string>sourcecode.swift</string>
			<key>path</key>
			<string>carInfoModel.swift</string>
			<key>sourceTree</key>
			<string>&lt;group&gt;</string>
		</dict>
		<key>F62C5AE91CE57CCD001DAD1E</key>
		<dict>
			<key>fileRef</key>
			<string>F62C5AE81CE57CCD001DAD1E</string>
			<key>isa</key>
			<string>PBXBuildFile</string>
		</dict>
		<key>F62C5AED1CE5A4B8001DAD1E</key>
		<dict>
			<key>children</key>
			<array>
				<string>F62C5AEE1CE5A4B8001DAD1E</string>
				<string>F62C5AFA1CE5A4B8001DAD1E</string>
				<string>F62C5AFE1CE5A4B8001DAD1E</string>
			</array>
			<key>isa</key>
			<string>PBXGroup</string>
			<key>path</key>
			<string>&#39318;&#39029;</string>
			<key>sourceTree</key>
			<string>&lt;group&gt;</string>
		</dict>
		<key>F62C5AEE1CE5A4B8001DAD1E</key>
		<dict>
			<key>children</key>
			<array>
				<string>F62C5AEF1CE5A4B8001DAD1E</string>
				<string>F62C5AF01CE5A4B8001DAD1E</string>
				<string>F62C5AF11CE5A4B8001DAD1E</string>
				<string>F62C5AF21CE5A4B8001DAD1E</string>
				<string>F62C5AF31CE5A4B8001DAD1E</string>
				<string>F62C5AF41CE5A4B8001DAD1E</string>
				<string>F62C5AF51CE5A4B8001DAD1E</string>
				<string>F62C5AF61CE5A4B8001DAD1E</string>
				<string>F62C5AF71CE5A4B8001DAD1E</string>
				<string>F62C5AF81CE5A4B8001DAD1E</string>
				<string>F62C5AF91CE5A4B8001DAD1E</string>
			</array>
			<key>isa</key>
			<string>PBXGroup</string>
			<key>path</key>
			<string>controller</string>
			<key>sourceTree</key>
			<string>&lt;group&gt;</string>
		</dict>
		<key>F62C5AEF1CE5A4B8001DAD1E</key>
		<dict>
			<key>fileEncoding</key>
			<string>4</string>
			<key>isa</key>
			<string>PBXFileReference</string>
			<key>lastKnownFileType</key>
			<string>sourcecode.swift</string>
			<key>path</key>
			<string>TCChangeWord.swift</string>
			<key>sourceTree</key>
			<string>&lt;group&gt;</string>
		</dict>
		<key>F62C5AF01CE5A4B8001DAD1E</key>
		<dict>
			<key>fileEncoding</key>
			<string>4</string>
			<key>isa</key>
			<string>PBXFileReference</string>
			<key>lastKnownFileType</key>
			<string>sourcecode.swift</string>
			<key>path</key>
			<string>TCHomePageController.swift</string>
			<key>sourceTree</key>
			<string>&lt;group&gt;</string>
		</dict>
		<key>F62C5AF11CE5A4B8001DAD1E</key>
		<dict>
			<key>fileEncoding</key>
			<string>4</string>
			<key>isa</key>
			<string>PBXFileReference</string>
			<key>lastKnownFileType</key>
			<string>file.xib</string>
			<key>path</key>
			<string>TCHomePageController.xib</string>
			<key>sourceTree</key>
			<string>&lt;group&gt;</string>
		</dict>
		<key>F62C5AF21CE5A4B8001DAD1E</key>
		<dict>
			<key>fileEncoding</key>
			<string>4</string>
			<key>isa</key>
			<string>PBXFileReference</string>
			<key>lastKnownFileType</key>
			<string>sourcecode.swift</string>
			<key>path</key>
			<string>TCInvitationController.swift</string>
			<key>sourceTree</key>
			<string>&lt;group&gt;</string>
		</dict>
		<key>F62C5AF31CE5A4B8001DAD1E</key>
		<dict>
			<key>fileEncoding</key>
			<string>4</string>
			<key>isa</key>
			<string>PBXFileReference</string>
			<key>lastKnownFileType</key>
			<string>file.xib</string>
			<key>path</key>
			<string>TCInvitationController.xib</string>
			<key>sourceTree</key>
			<string>&lt;group&gt;</string>
		</dict>
		<key>F62C5AF41CE5A4B8001DAD1E</key>
		<dict>
			<key>fileEncoding</key>
			<string>4</string>
			<key>isa</key>
			<string>PBXFileReference</string>
			<key>lastKnownFileType</key>
			<string>sourcecode.swift</string>
			<key>path</key>
			<string>TCMessageDetailController.swift</string>
			<key>sourceTree</key>
			<string>&lt;group&gt;</string>
		</dict>
		<key>F62C5AF51CE5A4B8001DAD1E</key>
		<dict>
			<key>fileEncoding</key>
			<string>4</string>
			<key>isa</key>
			<string>PBXFileReference</string>
			<key>lastKnownFileType</key>
			<string>file.xib</string>
			<key>path</key>
			<string>TCMessageDetailController.xib</string>
			<key>sourceTree</key>
			<string>&lt;group&gt;</string>
		</dict>
		<key>F62C5AF61CE5A4B8001DAD1E</key>
		<dict>
			<key>fileEncoding</key>
			<string>4</string>
			<key>isa</key>
			<string>PBXFileReference</string>
			<key>lastKnownFileType</key>
			<string>sourcecode.swift</string>
			<key>path</key>
			<string>TCMessagesController.swift</string>
			<key>sourceTree</key>
			<string>&lt;group&gt;</string>
		</dict>
		<key>F62C5AF71CE5A4B8001DAD1E</key>
		<dict>
			<key>fileEncoding</key>
			<string>4</string>
			<key>isa</key>
			<string>PBXFileReference</string>
			<key>lastKnownFileType</key>
			<string>file.xib</string>
			<key>path</key>
			<string>TCMessagesController.xib</string>
			<key>sourceTree</key>
			<string>&lt;group&gt;</string>
		</dict>
		<key>F62C5AF81CE5A4B8001DAD1E</key>
		<dict>
			<key>fileEncoding</key>
			<string>4</string>
			<key>isa</key>
			<string>PBXFileReference</string>
			<key>lastKnownFileType</key>
			<string>sourcecode.swift</string>
			<key>path</key>
			<string>TCSingleClickedPayment.swift</string>
			<key>sourceTree</key>
			<string>&lt;group&gt;</string>
		</dict>
		<key>F62C5AF91CE5A4B8001DAD1E</key>
		<dict>
			<key>fileEncoding</key>
			<string>4</string>
			<key>isa</key>
			<string>PBXFileReference</string>
			<key>lastKnownFileType</key>
			<string>file.xib</string>
			<key>path</key>
			<string>TCSingleClickedPayment.xib</string>
			<key>sourceTree</key>
			<string>&lt;group&gt;</string>
		</dict>
		<key>F62C5AFA1CE5A4B8001DAD1E</key>
		<dict>
			<key>children</key>
			<array>
				<string>F60681031CE9996E00584A3B</string>
				<string>F62C5AFB1CE5A4B8001DAD1E</string>
				<string>F60681061CE9B21A00584A3B</string>
				<string>F62C5AFC1CE5A4B8001DAD1E</string>
				<string>F62C5AFD1CE5A4B8001DAD1E</string>
			</array>
			<key>isa</key>
			<string>PBXGroup</string>
			<key>path</key>
			<string>model</string>
			<key>sourceTree</key>
			<string>&lt;group&gt;</string>
		</dict>
		<key>F62C5AFB1CE5A4B8001DAD1E</key>
		<dict>
			<key>fileEncoding</key>
			<string>4</string>
			<key>isa</key>
			<string>PBXFileReference</string>
			<key>lastKnownFileType</key>
			<string>sourcecode.swift</string>
			<key>path</key>
			<string>TCCarInfoModel.swift</string>
			<key>sourceTree</key>
			<string>&lt;group&gt;</string>
		</dict>
		<key>F62C5AFC1CE5A4B8001DAD1E</key>
		<dict>
			<key>fileEncoding</key>
			<string>4</string>
			<key>isa</key>
			<string>PBXFileReference</string>
			<key>lastKnownFileType</key>
			<string>sourcecode.swift</string>
			<key>path</key>
			<string>TCContactorInfo.swift</string>
			<key>sourceTree</key>
			<string>&lt;group&gt;</string>
		</dict>
		<key>F62C5AFD1CE5A4B8001DAD1E</key>
		<dict>
			<key>fileEncoding</key>
			<string>4</string>
			<key>isa</key>
			<string>PBXFileReference</string>
			<key>lastKnownFileType</key>
			<string>sourcecode.swift</string>
			<key>path</key>
			<string>TCMessageInfo.swift</string>
			<key>sourceTree</key>
			<string>&lt;group&gt;</string>
		</dict>
		<key>F62C5AFE1CE5A4B8001DAD1E</key>
		<dict>
			<key>children</key>
			<array>
				<string>F62C5AFF1CE5A4B8001DAD1E</string>
				<string>F62C5B001CE5A4B8001DAD1E</string>
				<string>F62C5B011CE5A4B8001DAD1E</string>
				<string>F62C5B021CE5A4B8001DAD1E</string>
				<string>F62C5B031CE5A4B8001DAD1E</string>
				<string>F62C5B041CE5A4B8001DAD1E</string>
				<string>F62C5B051CE5A4B8001DAD1E</string>
				<string>F62C5B061CE5A4B8001DAD1E</string>
				<string>F62C5B071CE5A4B8001DAD1E</string>
				<string>F62C5B081CE5A4B8001DAD1E</string>
				<string>F62C5B091CE5A4B8001DAD1E</string>
			</array>
			<key>isa</key>
			<string>PBXGroup</string>
			<key>path</key>
			<string>view</string>
			<key>sourceTree</key>
			<string>&lt;group&gt;</string>
		</dict>
		<key>F62C5AFF1CE5A4B8001DAD1E</key>
		<dict>
			<key>fileEncoding</key>
			<string>4</string>
			<key>isa</key>
			<string>PBXFileReference</string>
			<key>lastKnownFileType</key>
			<string>sourcecode.swift</string>
			<key>path</key>
			<string>NeedToPayCell.swift</string>
			<key>sourceTree</key>
			<string>&lt;group&gt;</string>
		</dict>
		<key>F62C5B001CE5A4B8001DAD1E</key>
		<dict>
			<key>fileEncoding</key>
			<string>4</string>
			<key>isa</key>
			<string>PBXFileReference</string>
			<key>lastKnownFileType</key>
			<string>file.xib</string>
			<key>path</key>
			<string>NeedToPayCell.xib</string>
			<key>sourceTree</key>
			<string>&lt;group&gt;</string>
		</dict>
		<key>F62C5B011CE5A4B8001DAD1E</key>
		<dict>
			<key>fileEncoding</key>
			<string>4</string>
			<key>isa</key>
			<string>PBXFileReference</string>
			<key>lastKnownFileType</key>
			<string>sourcecode.swift</string>
			<key>path</key>
			<string>TCAlertSelectView.swift</string>
			<key>sourceTree</key>
			<string>&lt;group&gt;</string>
		</dict>
		<key>F62C5B021CE5A4B8001DAD1E</key>
		<dict>
			<key>fileEncoding</key>
			<string>4</string>
			<key>isa</key>
			<string>PBXFileReference</string>
			<key>lastKnownFileType</key>
			<string>sourcecode.swift</string>
			<key>path</key>
			<string>TCHomeAlertTableCell.swift</string>
			<key>sourceTree</key>
			<string>&lt;group&gt;</string>
		</dict>
		<key>F62C5B031CE5A4B8001DAD1E</key>
		<dict>
			<key>fileEncoding</key>
			<string>4</string>
			<key>isa</key>
			<string>PBXFileReference</string>
			<key>lastKnownFileType</key>
			<string>file.xib</string>
			<key>path</key>
			<string>TCHomeAlertTableCell.xib</string>
			<key>sourceTree</key>
			<string>&lt;group&gt;</string>
		</dict>
		<key>F62C5B041CE5A4B8001DAD1E</key>
		<dict>
			<key>fileEncoding</key>
			<string>4</string>
			<key>isa</key>
			<string>PBXFileReference</string>
			<key>lastKnownFileType</key>
			<string>sourcecode.swift</string>
			<key>path</key>
			<string>TCInvitationAlertView.swift</string>
			<key>sourceTree</key>
			<string>&lt;group&gt;</string>
		</dict>
		<key>F62C5B051CE5A4B8001DAD1E</key>
		<dict>
			<key>fileEncoding</key>
			<string>4</string>
			<key>isa</key>
			<string>PBXFileReference</string>
			<key>lastKnownFileType</key>
			<string>file.xib</string>
			<key>path</key>
			<string>TCInvitationAlertView.xib</string>
			<key>sourceTree</key>
			<string>&lt;group&gt;</string>
		</dict>
		<key>F62C5B061CE5A4B8001DAD1E</key>
		<dict>
			<key>fileEncoding</key>
			<string>4</string>
			<key>isa</key>
			<string>PBXFileReference</string>
			<key>lastKnownFileType</key>
			<string>sourcecode.swift</string>
			<key>path</key>
			<string>TCMessageCell.swift</string>
			<key>sourceTree</key>
			<string>&lt;group&gt;</string>
		</dict>
		<key>F62C5B071CE5A4B8001DAD1E</key>
		<dict>
			<key>fileEncoding</key>
			<string>4</string>
			<key>isa</key>
			<string>PBXFileReference</string>
			<key>lastKnownFileType</key>
			<string>file.xib</string>
			<key>path</key>
			<string>TCMessageCell.xib</string>
			<key>sourceTree</key>
			<string>&lt;group&gt;</string>
		</dict>
		<key>F62C5B081CE5A4B8001DAD1E</key>
		<dict>
			<key>fileEncoding</key>
			<string>4</string>
			<key>isa</key>
			<string>PBXFileReference</string>
			<key>lastKnownFileType</key>
			<string>sourcecode.swift</string>
			<key>path</key>
			<string>TCSingleClickPayCell.swift</string>
			<key>sourceTree</key>
			<string>&lt;group&gt;</string>
		</dict>
		<key>F62C5B091CE5A4B8001DAD1E</key>
		<dict>
			<key>fileEncoding</key>
			<string>4</string>
			<key>isa</key>
			<string>PBXFileReference</string>
			<key>lastKnownFileType</key>
			<string>file.xib</string>
			<key>path</key>
			<string>TCSingleClickPayCell.xib</string>
			<key>sourceTree</key>
			<string>&lt;group&gt;</string>
		</dict>
		<key>F62C5B0A1CE5A4B8001DAD1E</key>
		<dict>
			<key>fileRef</key>
			<string>F62C5AEF1CE5A4B8001DAD1E</string>
			<key>isa</key>
			<string>PBXBuildFile</string>
		</dict>
		<key>F62C5B0B1CE5A4B8001DAD1E</key>
		<dict>
			<key>fileRef</key>
			<string>F62C5AF01CE5A4B8001DAD1E</string>
			<key>isa</key>
			<string>PBXBuildFile</string>
		</dict>
		<key>F62C5B0C1CE5A4B8001DAD1E</key>
		<dict>
			<key>fileRef</key>
			<string>F62C5AF11CE5A4B8001DAD1E</string>
			<key>isa</key>
			<string>PBXBuildFile</string>
		</dict>
		<key>F62C5B0D1CE5A4B8001DAD1E</key>
		<dict>
			<key>fileRef</key>
			<string>F62C5AF21CE5A4B8001DAD1E</string>
			<key>isa</key>
			<string>PBXBuildFile</string>
		</dict>
		<key>F62C5B0E1CE5A4B8001DAD1E</key>
		<dict>
			<key>fileRef</key>
			<string>F62C5AF31CE5A4B8001DAD1E</string>
			<key>isa</key>
			<string>PBXBuildFile</string>
		</dict>
		<key>F62C5B0F1CE5A4B8001DAD1E</key>
		<dict>
			<key>fileRef</key>
			<string>F62C5AF41CE5A4B8001DAD1E</string>
			<key>isa</key>
			<string>PBXBuildFile</string>
		</dict>
		<key>F62C5B101CE5A4B8001DAD1E</key>
		<dict>
			<key>fileRef</key>
			<string>F62C5AF51CE5A4B8001DAD1E</string>
			<key>isa</key>
			<string>PBXBuildFile</string>
		</dict>
		<key>F62C5B111CE5A4B8001DAD1E</key>
		<dict>
			<key>fileRef</key>
			<string>F62C5AF61CE5A4B8001DAD1E</string>
			<key>isa</key>
			<string>PBXBuildFile</string>
		</dict>
		<key>F62C5B121CE5A4B8001DAD1E</key>
		<dict>
			<key>fileRef</key>
			<string>F62C5AF71CE5A4B8001DAD1E</string>
			<key>isa</key>
			<string>PBXBuildFile</string>
		</dict>
		<key>F62C5B131CE5A4B8001DAD1E</key>
		<dict>
			<key>fileRef</key>
			<string>F62C5AF81CE5A4B8001DAD1E</string>
			<key>isa</key>
			<string>PBXBuildFile</string>
		</dict>
		<key>F62C5B141CE5A4B8001DAD1E</key>
		<dict>
			<key>fileRef</key>
			<string>F62C5AF91CE5A4B8001DAD1E</string>
			<key>isa</key>
			<string>PBXBuildFile</string>
		</dict>
		<key>F62C5B151CE5A4B8001DAD1E</key>
		<dict>
			<key>fileRef</key>
			<string>F62C5AFB1CE5A4B8001DAD1E</string>
			<key>isa</key>
			<string>PBXBuildFile</string>
		</dict>
		<key>F62C5B161CE5A4B8001DAD1E</key>
		<dict>
			<key>fileRef</key>
			<string>F62C5AFC1CE5A4B8001DAD1E</string>
			<key>isa</key>
			<string>PBXBuildFile</string>
		</dict>
		<key>F62C5B171CE5A4B8001DAD1E</key>
		<dict>
			<key>fileRef</key>
			<string>F62C5AFD1CE5A4B8001DAD1E</string>
			<key>isa</key>
			<string>PBXBuildFile</string>
		</dict>
		<key>F62C5B181CE5A4B8001DAD1E</key>
		<dict>
			<key>fileRef</key>
			<string>F62C5AFF1CE5A4B8001DAD1E</string>
			<key>isa</key>
			<string>PBXBuildFile</string>
		</dict>
		<key>F62C5B191CE5A4B8001DAD1E</key>
		<dict>
			<key>fileRef</key>
			<string>F62C5B001CE5A4B8001DAD1E</string>
			<key>isa</key>
			<string>PBXBuildFile</string>
		</dict>
		<key>F62C5B1A1CE5A4B8001DAD1E</key>
		<dict>
			<key>fileRef</key>
			<string>F62C5B011CE5A4B8001DAD1E</string>
			<key>isa</key>
			<string>PBXBuildFile</string>
		</dict>
		<key>F62C5B1B1CE5A4B8001DAD1E</key>
		<dict>
			<key>fileRef</key>
			<string>F62C5B021CE5A4B8001DAD1E</string>
			<key>isa</key>
			<string>PBXBuildFile</string>
		</dict>
		<key>F62C5B1C1CE5A4B8001DAD1E</key>
		<dict>
			<key>fileRef</key>
			<string>F62C5B031CE5A4B8001DAD1E</string>
			<key>isa</key>
			<string>PBXBuildFile</string>
		</dict>
		<key>F62C5B1D1CE5A4B8001DAD1E</key>
		<dict>
			<key>fileRef</key>
			<string>F62C5B041CE5A4B8001DAD1E</string>
			<key>isa</key>
			<string>PBXBuildFile</string>
		</dict>
		<key>F62C5B1E1CE5A4B8001DAD1E</key>
		<dict>
			<key>fileRef</key>
			<string>F62C5B051CE5A4B8001DAD1E</string>
			<key>isa</key>
			<string>PBXBuildFile</string>
		</dict>
		<key>F62C5B1F1CE5A4B8001DAD1E</key>
		<dict>
			<key>fileRef</key>
			<string>F62C5B061CE5A4B8001DAD1E</string>
			<key>isa</key>
			<string>PBXBuildFile</string>
		</dict>
		<key>F62C5B201CE5A4B8001DAD1E</key>
		<dict>
			<key>fileRef</key>
			<string>F62C5B071CE5A4B8001DAD1E</string>
			<key>isa</key>
			<string>PBXBuildFile</string>
		</dict>
		<key>F62C5B211CE5A4B8001DAD1E</key>
		<dict>
			<key>fileRef</key>
			<string>F62C5B081CE5A4B8001DAD1E</string>
			<key>isa</key>
			<string>PBXBuildFile</string>
		</dict>
		<key>F62C5B221CE5A4B8001DAD1E</key>
		<dict>
			<key>fileRef</key>
			<string>F62C5B091CE5A4B8001DAD1E</string>
			<key>isa</key>
			<string>PBXBuildFile</string>
		</dict>
		<key>F62C5B231CE5DD69001DAD1E</key>
		<dict>
			<key>children</key>
			<array>
				<string>F62C5B241CE5DD93001DAD1E</string>
			</array>
			<key>isa</key>
			<string>PBXGroup</string>
			<key>name</key>
			<string>helper</string>
			<key>sourceTree</key>
			<string>&lt;group&gt;</string>
		</dict>
		<key>F62C5B241CE5DD93001DAD1E</key>
		<dict>
			<key>fileEncoding</key>
			<string>4</string>
			<key>isa</key>
			<string>PBXFileReference</string>
			<key>lastKnownFileType</key>
			<string>sourcecode.swift</string>
			<key>path</key>
			<string>TCMoreInfoHelper.swift</string>
			<key>sourceTree</key>
			<string>SOURCE_ROOT</string>
		</dict>
		<key>F62C5B251CE5DD93001DAD1E</key>
		<dict>
			<key>fileRef</key>
			<string>F62C5B241CE5DD93001DAD1E</string>
			<key>isa</key>
			<string>PBXBuildFile</string>
		</dict>
		<key>F62C5B261CE6088B001DAD1E</key>
		<dict>
			<key>fileEncoding</key>
			<string>4</string>
			<key>isa</key>
			<string>PBXFileReference</string>
			<key>lastKnownFileType</key>
			<string>sourcecode.swift</string>
			<key>path</key>
			<string>TCEditPhoneNumberController.swift</string>
			<key>sourceTree</key>
			<string>&lt;group&gt;</string>
		</dict>
		<key>F62C5B271CE6088B001DAD1E</key>
		<dict>
			<key>fileEncoding</key>
			<string>4</string>
			<key>isa</key>
			<string>PBXFileReference</string>
			<key>lastKnownFileType</key>
			<string>file.xib</string>
			<key>path</key>
			<string>TCEditPhoneNumberController.xib</string>
			<key>sourceTree</key>
			<string>&lt;group&gt;</string>
		</dict>
		<key>F62C5B281CE6088B001DAD1E</key>
		<dict>
			<key>fileRef</key>
			<string>F62C5B261CE6088B001DAD1E</string>
			<key>isa</key>
			<string>PBXBuildFile</string>
		</dict>
		<key>F62C5B291CE6088B001DAD1E</key>
		<dict>
			<key>fileRef</key>
			<string>F62C5B271CE6088B001DAD1E</string>
			<key>isa</key>
			<string>PBXBuildFile</string>
		</dict>
		<key>F63562191CCDB77D00308264</key>
		<dict>
			<key>children</key>
			<array>
				<string>F6169F041CE1CF2200609A11</string>
				<string>F6D7FE4C1CE066320032AEE8</string>
				<string>F63562211CCDB77D00308264</string>
				<string>F63562271CCDB77D00308264</string>
				<string>F63562301CCDB77D00308264</string>
				<string>F62C5AED1CE5A4B8001DAD1E</string>
				<string>F635621A1CCDB77D00308264</string>
				<string>F635621E1CCDB77D00308264</string>
				<string>F6169F031CE1C65700609A11</string>
				<string>F635621B1CCDB77D00308264</string>
			</array>
			<key>isa</key>
			<string>PBXGroup</string>
			<key>path</key>
			<string>Parking</string>
			<key>sourceTree</key>
			<string>&lt;group&gt;</string>
		</dict>
		<key>F635621A1CCDB77D00308264</key>
		<dict>
			<key>fileEncoding</key>
			<string>4</string>
			<key>isa</key>
			<string>PBXFileReference</string>
			<key>lastKnownFileType</key>
			<string>sourcecode.swift</string>
			<key>path</key>
			<string>AppDelegate.swift</string>
			<key>sourceTree</key>
			<string>&lt;group&gt;</string>
		</dict>
		<key>F635621B1CCDB77D00308264</key>
		<dict>
			<key>isa</key>
			<string>PBXFileReference</string>
			<key>lastKnownFileType</key>
			<string>folder.assetcatalog</string>
			<key>path</key>
			<string>Assets.xcassets</string>
			<key>sourceTree</key>
			<string>&lt;group&gt;</string>
		</dict>
		<key>F635621E1CCDB77D00308264</key>
		<dict>
			<key>fileEncoding</key>
			<string>4</string>
			<key>isa</key>
			<string>PBXFileReference</string>
			<key>lastKnownFileType</key>
			<string>text.plist.xml</string>
			<key>path</key>
			<string>Info.plist</string>
			<key>sourceTree</key>
			<string>&lt;group&gt;</string>
		</dict>
		<key>F63562211CCDB77D00308264</key>
		<dict>
			<key>children</key>
			<array>
				<string>F63562221CCDB77D00308264</string>
				<string>F63562251CCDB77D00308264</string>
				<string>F63562261CCDB77D00308264</string>
			</array>
			<key>isa</key>
			<string>PBXGroup</string>
			<key>path</key>
			<string>&#26356;&#22810;</string>
			<key>sourceTree</key>
			<string>&lt;group&gt;</string>
		</dict>
		<key>F63562221CCDB77D00308264</key>
		<dict>
			<key>children</key>
			<array>
				<string>F63562231CCDB77D00308264</string>
				<string>F63562241CCDB77D00308264</string>
				<string>F67C15DB1CE30A5D004E1C9E</string>
				<string>F67C15DC1CE30A5D004E1C9E</string>
				<string>F62C5B261CE6088B001DAD1E</string>
				<string>F62C5B271CE6088B001DAD1E</string>
			</array>
			<key>isa</key>
			<string>PBXGroup</string>
			<key>path</key>
			<string>controller</string>
			<key>sourceTree</key>
			<string>&lt;group&gt;</string>
		</dict>
		<key>F63562231CCDB77D00308264</key>
		<dict>
			<key>fileEncoding</key>
			<string>4</string>
			<key>isa</key>
			<string>PBXFileReference</string>
			<key>lastKnownFileType</key>
			<string>sourcecode.swift</string>
			<key>path</key>
			<string>TCMoreFunctionController.swift</string>
			<key>sourceTree</key>
			<string>&lt;group&gt;</string>
		</dict>
		<key>F63562241CCDB77D00308264</key>
		<dict>
			<key>fileEncoding</key>
			<string>4</string>
			<key>isa</key>
			<string>PBXFileReference</string>
			<key>lastKnownFileType</key>
			<string>file.xib</string>
			<key>path</key>
			<string>TCMoreFunctionController.xib</string>
			<key>sourceTree</key>
			<string>&lt;group&gt;</string>
		</dict>
		<key>F63562251CCDB77D00308264</key>
		<dict>
			<key>children</key>
			<array>
				<string>F62C5B231CE5DD69001DAD1E</string>
			</array>
			<key>isa</key>
			<string>PBXGroup</string>
			<key>path</key>
			<string>model</string>
			<key>sourceTree</key>
			<string>&lt;group&gt;</string>
		</dict>
		<key>F63562261CCDB77D00308264</key>
		<dict>
			<key>children</key>
			<array/>
			<key>isa</key>
			<string>PBXGroup</string>
			<key>path</key>
			<string>view</string>
			<key>sourceTree</key>
			<string>&lt;group&gt;</string>
		</dict>
		<key>F63562271CCDB77D00308264</key>
		<dict>
			<key>children</key>
			<array>
				<string>F63562281CCDB77D00308264</string>
				<string>F635622B1CCDB77D00308264</string>
				<string>F635622D1CCDB77D00308264</string>
			</array>
			<key>isa</key>
			<string>PBXGroup</string>
			<key>path</key>
			<string>&#32564;&#36153;&#20449;&#24687;</string>
			<key>sourceTree</key>
			<string>&lt;group&gt;</string>
		</dict>
		<key>F63562281CCDB77D00308264</key>
		<dict>
			<key>children</key>
			<array>
				<string>F63562291CCDB77D00308264</string>
				<string>F635622A1CCDB77D00308264</string>
				<string>F62593A41CE470BD000BC840</string>
				<string>F62593A51CE470BD000BC840</string>
			</array>
			<key>isa</key>
			<string>PBXGroup</string>
			<key>path</key>
			<string>controller</string>
			<key>sourceTree</key>
			<string>&lt;group&gt;</string>
		</dict>
		<key>F63562291CCDB77D00308264</key>
		<dict>
			<key>fileEncoding</key>
			<string>4</string>
			<key>isa</key>
			<string>PBXFileReference</string>
			<key>lastKnownFileType</key>
			<string>sourcecode.swift</string>
			<key>path</key>
			<string>TCPaymentViewController.swift</string>
			<key>sourceTree</key>
			<string>&lt;group&gt;</string>
		</dict>
		<key>F635622A1CCDB77D00308264</key>
		<dict>
			<key>fileEncoding</key>
			<string>4</string>
			<key>isa</key>
			<string>PBXFileReference</string>
			<key>lastKnownFileType</key>
			<string>file.xib</string>
			<key>path</key>
			<string>TCPaymentViewController.xib</string>
			<key>sourceTree</key>
			<string>&lt;group&gt;</string>
		</dict>
		<key>F635622B1CCDB77D00308264</key>
		<dict>
			<key>children</key>
			<array>
				<string>F635622C1CCDB77D00308264</string>
			</array>
			<key>isa</key>
			<string>PBXGroup</string>
			<key>path</key>
			<string>model</string>
			<key>sourceTree</key>
			<string>&lt;group&gt;</string>
		</dict>
		<key>F635622C1CCDB77D00308264</key>
		<dict>
			<key>fileEncoding</key>
			<string>4</string>
			<key>isa</key>
			<string>PBXFileReference</string>
			<key>lastKnownFileType</key>
			<string>sourcecode.swift</string>
			<key>path</key>
			<string>TCCarStopInfo.swift</string>
			<key>sourceTree</key>
			<string>&lt;group&gt;</string>
		</dict>
		<key>F635622D1CCDB77D00308264</key>
		<dict>
			<key>children</key>
			<array>
				<string>F635622E1CCDB77D00308264</string>
				<string>F635622F1CCDB77D00308264</string>
				<string>F62593A81CE48155000BC840</string>
				<string>F62593AA1CE48162000BC840</string>
			</array>
			<key>isa</key>
			<string>PBXGroup</string>
			<key>path</key>
			<string>view</string>
			<key>sourceTree</key>
			<string>&lt;group&gt;</string>
		</dict>
		<key>F635622E1CCDB77D00308264</key>
		<dict>
			<key>fileEncoding</key>
			<string>4</string>
			<key>isa</key>
			<string>PBXFileReference</string>
			<key>lastKnownFileType</key>
			<string>sourcecode.swift</string>
			<key>path</key>
			<string>TCPaymentCell.swift</string>
			<key>sourceTree</key>
			<string>&lt;group&gt;</string>
		</dict>
		<key>F635622F1CCDB77D00308264</key>
		<dict>
			<key>fileEncoding</key>
			<string>4</string>
			<key>isa</key>
			<string>PBXFileReference</string>
			<key>lastKnownFileType</key>
			<string>file.xib</string>
			<key>path</key>
			<string>TCPaymentCell.xib</string>
			<key>sourceTree</key>
			<string>&lt;group&gt;</string>
		</dict>
		<key>F63562301CCDB77D00308264</key>
		<dict>
			<key>children</key>
			<array>
				<string>F63562311CCDB77D00308264</string>
				<string>F63562351CCDB77D00308264</string>
				<string>F62C5AE11CE57849001DAD1E</string>
			</array>
			<key>isa</key>
			<string>PBXGroup</string>
			<key>path</key>
			<string>&#36710;&#36742;&#20449;&#24687;</string>
			<key>sourceTree</key>
			<string>&lt;group&gt;</string>
		</dict>
		<key>F63562311CCDB77D00308264</key>
		<dict>
			<key>children</key>
			<array>
				<string>F63562321CCDB77D00308264</string>
				<string>F63562331CCDB77D00308264</string>
				<string>F68C978E1CCF5E97001616CF</string>
				<string>F68C978F1CCF5E97001616CF</string>
				<string>F62C5ADD1CE565F3001DAD1E</string>
				<string>F62C5ADE1CE565F3001DAD1E</string>
			</array>
			<key>isa</key>
			<string>PBXGroup</string>
			<key>path</key>
			<string>controller</string>
			<key>sourceTree</key>
			<string>&lt;group&gt;</string>
		</dict>
		<key>F63562321CCDB77D00308264</key>
		<dict>
			<key>fileEncoding</key>
			<string>4</string>
			<key>isa</key>
			<string>PBXFileReference</string>
			<key>lastKnownFileType</key>
			<string>sourcecode.swift</string>
			<key>path</key>
			<string>TCCarInfoController.swift</string>
			<key>sourceTree</key>
			<string>&lt;group&gt;</string>
		</dict>
		<key>F63562331CCDB77D00308264</key>
		<dict>
			<key>fileEncoding</key>
			<string>4</string>
			<key>isa</key>
			<string>PBXFileReference</string>
			<key>lastKnownFileType</key>
			<string>file.xib</string>
			<key>path</key>
			<string>TCCarInfoController.xib</string>
			<key>sourceTree</key>
			<string>&lt;group&gt;</string>
		</dict>
		<key>F63562351CCDB77D00308264</key>
		<dict>
			<key>children</key>
			<array>
				<string>F63562361CCDB77D00308264</string>
				<string>F63562371CCDB77D00308264</string>
				<string>F6D7FE481CE0260F0032AEE8</string>
				<string>F6D7FE4A1CE0360B0032AEE8</string>
			</array>
			<key>isa</key>
			<string>PBXGroup</string>
			<key>path</key>
			<string>view</string>
			<key>sourceTree</key>
			<string>&lt;group&gt;</string>
		</dict>
		<key>F63562361CCDB77D00308264</key>
		<dict>
			<key>fileEncoding</key>
			<string>4</string>
			<key>isa</key>
			<string>PBXFileReference</string>
			<key>lastKnownFileType</key>
			<string>sourcecode.swift</string>
			<key>path</key>
			<string>CarInfoCell.swift</string>
			<key>sourceTree</key>
			<string>&lt;group&gt;</string>
		</dict>
		<key>F63562371CCDB77D00308264</key>
		<dict>
			<key>fileEncoding</key>
			<string>4</string>
			<key>isa</key>
			<string>PBXFileReference</string>
			<key>lastKnownFileType</key>
			<string>file.xib</string>
			<key>path</key>
			<string>CarInfoCell.xib</string>
			<key>sourceTree</key>
			<string>&lt;group&gt;</string>
		</dict>
		<key>F635624A1CCDB77D00308264</key>
		<dict>
			<key>fileRef</key>
			<string>F635621A1CCDB77D00308264</string>
			<key>isa</key>
			<string>PBXBuildFile</string>
		</dict>
		<key>F635624B1CCDB77D00308264</key>
		<dict>
			<key>fileRef</key>
			<string>F635621B1CCDB77D00308264</string>
			<key>isa</key>
			<string>PBXBuildFile</string>
		</dict>
		<key>F635624D1CCDB77D00308264</key>
		<dict>
			<key>fileRef</key>
			<string>F635621E1CCDB77D00308264</string>
			<key>isa</key>
			<string>PBXBuildFile</string>
		</dict>
		<key>F635624F1CCDB77D00308264</key>
		<dict>
			<key>fileRef</key>
			<string>F63562231CCDB77D00308264</string>
			<key>isa</key>
			<string>PBXBuildFile</string>
		</dict>
		<key>F63562501CCDB77D00308264</key>
		<dict>
			<key>fileRef</key>
			<string>F63562241CCDB77D00308264</string>
			<key>isa</key>
			<string>PBXBuildFile</string>
		</dict>
		<key>F63562511CCDB77D00308264</key>
		<dict>
			<key>fileRef</key>
			<string>F63562291CCDB77D00308264</string>
			<key>isa</key>
			<string>PBXBuildFile</string>
		</dict>
		<key>F63562521CCDB77D00308264</key>
		<dict>
			<key>fileRef</key>
			<string>F635622A1CCDB77D00308264</string>
			<key>isa</key>
			<string>PBXBuildFile</string>
		</dict>
		<key>F63562531CCDB77D00308264</key>
		<dict>
			<key>fileRef</key>
			<string>F635622C1CCDB77D00308264</string>
			<key>isa</key>
			<string>PBXBuildFile</string>
		</dict>
		<key>F63562541CCDB77D00308264</key>
		<dict>
			<key>fileRef</key>
			<string>F635622E1CCDB77D00308264</string>
			<key>isa</key>
			<string>PBXBuildFile</string>
		</dict>
		<key>F63562551CCDB77D00308264</key>
		<dict>
			<key>fileRef</key>
			<string>F635622F1CCDB77D00308264</string>
			<key>isa</key>
			<string>PBXBuildFile</string>
		</dict>
		<key>F63562561CCDB77D00308264</key>
		<dict>
			<key>fileRef</key>
			<string>F63562321CCDB77D00308264</string>
			<key>isa</key>
			<string>PBXBuildFile</string>
		</dict>
		<key>F63562571CCDB77D00308264</key>
		<dict>
			<key>fileRef</key>
			<string>F63562331CCDB77D00308264</string>
			<key>isa</key>
			<string>PBXBuildFile</string>
		</dict>
		<key>F63562581CCDB77D00308264</key>
		<dict>
			<key>fileRef</key>
			<string>F63562361CCDB77D00308264</string>
			<key>isa</key>
			<string>PBXBuildFile</string>
		</dict>
		<key>F63562591CCDB77D00308264</key>
		<dict>
			<key>fileRef</key>
			<string>F63562371CCDB77D00308264</string>
			<key>isa</key>
			<string>PBXBuildFile</string>
		</dict>
		<key>F67C15D21CE2BD69004E1C9E</key>
		<dict>
			<key>children</key>
			<array>
				<string>F67C15D31CE2BD69004E1C9E</string>
				<string>F67C15D51CE2BD69004E1C9E</string>
			</array>
			<key>isa</key>
			<string>PBXGroup</string>
			<key>path</key>
			<string>Jsonjoy</string>
			<key>sourceTree</key>
			<string>&lt;group&gt;</string>
		</dict>
		<key>F67C15D31CE2BD69004E1C9E</key>
		<dict>
			<key>fileEncoding</key>
			<string>4</string>
			<key>isa</key>
			<string>PBXFileReference</string>
			<key>lastKnownFileType</key>
			<string>sourcecode.swift</string>
			<key>path</key>
			<string>Http.swift</string>
			<key>sourceTree</key>
			<string>&lt;group&gt;</string>
		</dict>
		<key>F67C15D41CE2BD69004E1C9E</key>
		<dict>
			<key>fileEncoding</key>
			<string>4</string>
			<key>isa</key>
			<string>PBXFileReference</string>
			<key>lastKnownFileType</key>
			<string>sourcecode.swift</string>
			<key>name</key>
			<string>TCUserInfoModel.swift</string>
			<key>path</key>
			<string>../../CustomTool/Jsonjoy/TCUserInfoModel.swift</string>
			<key>sourceTree</key>
			<string>&lt;group&gt;</string>
		</dict>
		<key>F67C15D51CE2BD69004E1C9E</key>
		<dict>
			<key>fileEncoding</key>
			<string>4</string>
			<key>isa</key>
			<string>PBXFileReference</string>
			<key>lastKnownFileType</key>
			<string>sourcecode.swift</string>
			<key>path</key>
			<string>JSONJoy.swift</string>
			<key>sourceTree</key>
			<string>&lt;group&gt;</string>
		</dict>
		<key>F67C15D71CE2BD69004E1C9E</key>
		<dict>
			<key>fileRef</key>
			<string>F67C15D31CE2BD69004E1C9E</string>
			<key>isa</key>
			<string>PBXBuildFile</string>
		</dict>
		<key>F67C15D81CE2BD69004E1C9E</key>
		<dict>
			<key>fileRef</key>
			<string>F67C15D41CE2BD69004E1C9E</string>
			<key>isa</key>
			<string>PBXBuildFile</string>
		</dict>
		<key>F67C15D91CE2BD69004E1C9E</key>
		<dict>
			<key>fileRef</key>
			<string>F67C15D51CE2BD69004E1C9E</string>
			<key>isa</key>
			<string>PBXBuildFile</string>
		</dict>
		<key>F67C15DB1CE30A5D004E1C9E</key>
		<dict>
			<key>fileEncoding</key>
			<string>4</string>
			<key>isa</key>
			<string>PBXFileReference</string>
			<key>lastKnownFileType</key>
			<string>sourcecode.swift</string>
			<key>path</key>
			<string>TCEditUserInfoController.swift</string>
			<key>sourceTree</key>
			<string>&lt;group&gt;</string>
		</dict>
		<key>F67C15DC1CE30A5D004E1C9E</key>
		<dict>
			<key>fileEncoding</key>
			<string>4</string>
			<key>isa</key>
			<string>PBXFileReference</string>
			<key>lastKnownFileType</key>
			<string>file.xib</string>
			<key>path</key>
			<string>TCEditUserInfoController.xib</string>
			<key>sourceTree</key>
			<string>&lt;group&gt;</string>
		</dict>
		<key>F67C15DD1CE30A5D004E1C9E</key>
		<dict>
			<key>fileRef</key>
			<string>F67C15DB1CE30A5D004E1C9E</string>
			<key>isa</key>
			<string>PBXBuildFile</string>
		</dict>
		<key>F67C15DE1CE30A5D004E1C9E</key>
		<dict>
			<key>fileRef</key>
			<string>F67C15DC1CE30A5D004E1C9E</string>
			<key>isa</key>
			<string>PBXBuildFile</string>
		</dict>
		<key>F67C15DF1CE322AA004E1C9E</key>
		<dict>
			<key>fileEncoding</key>
			<string>4</string>
			<key>isa</key>
			<string>PBXFileReference</string>
			<key>lastKnownFileType</key>
			<string>sourcecode.swift</string>
			<key>name</key>
			<string>TCUserInfo.swift</string>
			<key>path</key>
			<string>Parking/Welcome/model/TCUserInfo.swift</string>
			<key>sourceTree</key>
			<string>SOURCE_ROOT</string>
		</dict>
		<key>F67C15E01CE322AA004E1C9E</key>
		<dict>
			<key>fileRef</key>
			<string>F67C15DF1CE322AA004E1C9E</string>
			<key>isa</key>
			<string>PBXBuildFile</string>
		</dict>
		<key>F68C978E1CCF5E97001616CF</key>
		<dict>
			<key>fileEncoding</key>
			<string>4</string>
			<key>isa</key>
			<string>PBXFileReference</string>
			<key>lastKnownFileType</key>
			<string>sourcecode.swift</string>
			<key>path</key>
			<string>TCCarDetailController.swift</string>
			<key>sourceTree</key>
			<string>&lt;group&gt;</string>
		</dict>
		<key>F68C978F1CCF5E97001616CF</key>
		<dict>
			<key>fileEncoding</key>
			<string>4</string>
			<key>isa</key>
			<string>PBXFileReference</string>
			<key>lastKnownFileType</key>
			<string>file.xib</string>
			<key>path</key>
			<string>TCCarDetailController.xib</string>
			<key>sourceTree</key>
			<string>&lt;group&gt;</string>
		</dict>
		<key>F68C97901CCF5E97001616CF</key>
		<dict>
			<key>fileRef</key>
			<string>F68C978E1CCF5E97001616CF</string>
			<key>isa</key>
			<string>PBXBuildFile</string>
		</dict>
		<key>F68C97911CCF5E97001616CF</key>
		<dict>
			<key>fileRef</key>
			<string>F68C978F1CCF5E97001616CF</string>
			<key>isa</key>
			<string>PBXBuildFile</string>
		</dict>
		<key>F6C5FF941CE9C61A00AAEF0D</key>
		<dict>
			<key>isa</key>
			<string>PBXFileReference</string>
			<key>lastKnownFileType</key>
			<string>wrapper.framework</string>
			<key>name</key>
			<string>CoreFoundation.framework</string>
			<key>path</key>
			<string>System/Library/Frameworks/CoreFoundation.framework</string>
			<key>sourceTree</key>
			<string>SDKROOT</string>
		</dict>
		<key>F6C5FF951CE9C61A00AAEF0D</key>
		<dict>
			<key>fileRef</key>
			<string>F6C5FF941CE9C61A00AAEF0D</string>
			<key>isa</key>
			<string>PBXBuildFile</string>
			<key>settings</key>
			<dict>
				<key>ATTRIBUTES</key>
				<array>
					<string>Weak</string>
				</array>
			</dict>
		</dict>
		<key>F6D7FE481CE0260F0032AEE8</key>
		<dict>
			<key>fileEncoding</key>
			<string>4</string>
			<key>isa</key>
			<string>PBXFileReference</string>
			<key>lastKnownFileType</key>
			<string>sourcecode.swift</string>
			<key>path</key>
			<string>TCCarDetailPopView.swift</string>
			<key>sourceTree</key>
			<string>&lt;group&gt;</string>
		</dict>
		<key>F6D7FE491CE0260F0032AEE8</key>
		<dict>
			<key>fileRef</key>
			<string>F6D7FE481CE0260F0032AEE8</string>
			<key>isa</key>
			<string>PBXBuildFile</string>
		</dict>
		<key>F6D7FE4A1CE0360B0032AEE8</key>
		<dict>
			<key>fileEncoding</key>
			<string>4</string>
			<key>isa</key>
			<string>PBXFileReference</string>
			<key>lastKnownFileType</key>
			<string>file.xib</string>
			<key>path</key>
			<string>TCCarDetailPopView.xib</string>
			<key>sourceTree</key>
			<string>&lt;group&gt;</string>
		</dict>
		<key>F6D7FE4B1CE0360B0032AEE8</key>
		<dict>
			<key>fileRef</key>
			<string>F6D7FE4A1CE0360B0032AEE8</string>
			<key>isa</key>
			<string>PBXBuildFile</string>
		</dict>
		<key>F6D7FE4C1CE066320032AEE8</key>
		<dict>
			<key>children</key>
			<array>
				<string>F6169EF31CE1C58300609A11</string>
				<string>F6169EF11CE1C50900609A11</string>
				<string>F6169EF21CE1C50900609A11</string>
			</array>
			<key>isa</key>
			<string>PBXGroup</string>
			<key>path</key>
			<string>Welcome</string>
			<key>sourceTree</key>
			<string>&lt;group&gt;</string>
		</dict>
		<key>FB4E6E62E518BC4FBB80BBD7</key>
		<dict>
			<key>fileRef</key>
			<string>E0F572D2848CB7E85EFF02D2</string>
			<key>isa</key>
			<string>PBXBuildFile</string>
		</dict>
	</dict>
	<key>rootObject</key>
	<string>F619A4241CC081CC00BF6E52</string>
</dict>
</plist>
